// !$*UTF8*$!
{
	archiveVersion = 1;
	classes = {
	};
	objectVersion = 77;
	objects = {

/* Begin PBXContainerItemProxy section */
		73B031702D2D60770003DB69 /* PBXContainerItemProxy */ = {
			isa = PBXContainerItemProxy;
			containerPortal = 73B031572D2D60750003DB69 /* Project object */;
			proxyType = 1;
			remoteGlobalIDString = 73B0315E2D2D60750003DB69;
			remoteInfo = "ChatGPT-iOS";
		};
		73B0317A2D2D60770003DB69 /* PBXContainerItemProxy */ = {
			isa = PBXContainerItemProxy;
			containerPortal = 73B031572D2D60750003DB69 /* Project object */;
			proxyType = 1;
			remoteGlobalIDString = 73B0315E2D2D60750003DB69;
			remoteInfo = "ChatGPT-iOS";
		};
/* End PBXContainerItemProxy section */

/* Begin PBXFileReference section */
		73B0315F2D2D60750003DB69 /* ChatGPT-iOS.app */ = {isa = PBXFileReference; explicitFileType = wrapper.application; includeInIndex = 0; path = "ChatGPT-iOS.app"; sourceTree = BUILT_PRODUCTS_DIR; };
		73B0316F2D2D60770003DB69 /* ChatGPT-iOSTests.xctest */ = {isa = PBXFileReference; explicitFileType = wrapper.cfbundle; includeInIndex = 0; path = "ChatGPT-iOSTests.xctest"; sourceTree = BUILT_PRODUCTS_DIR; };
		73B031792D2D60770003DB69 /* ChatGPT-iOSUITests.xctest */ = {isa = PBXFileReference; explicitFileType = wrapper.cfbundle; includeInIndex = 0; path = "ChatGPT-iOSUITests.xctest"; sourceTree = BUILT_PRODUCTS_DIR; };
/* End PBXFileReference section */

/* Begin PBXFileSystemSynchronizedRootGroup section */
		73B031612D2D60750003DB69 /* ChatGPT-iOS */ = {
			isa = PBXFileSystemSynchronizedRootGroup;
			path = "ChatGPT-iOS";
			sourceTree = "<group>";
		};
		73B031722D2D60770003DB69 /* ChatGPT-iOSTests */ = {
			isa = PBXFileSystemSynchronizedRootGroup;
			path = "ChatGPT-iOSTests";
			sourceTree = "<group>";
		};
		73B0317C2D2D60770003DB69 /* ChatGPT-iOSUITests */ = {
			isa = PBXFileSystemSynchronizedRootGroup;
			path = "ChatGPT-iOSUITests";
			sourceTree = "<group>";
		};
/* End PBXFileSystemSynchronizedRootGroup section */

/* Begin PBXFrameworksBuildPhase section */
		73B0315C2D2D60750003DB69 /* Frameworks */ = {
			isa = PBXFrameworksBuildPhase;
			buildActionMask = 2147483647;
			files = (
			);
			runOnlyForDeploymentPostprocessing = 0;
		};
		73B0316C2D2D60770003DB69 /* Frameworks */ = {
			isa = PBXFrameworksBuildPhase;
			buildActionMask = 2147483647;
			files = (
			);
			runOnlyForDeploymentPostprocessing = 0;
		};
		73B031762D2D60770003DB69 /* Frameworks */ = {
			isa = PBXFrameworksBuildPhase;
			buildActionMask = 2147483647;
			files = (
			);
			runOnlyForDeploymentPostprocessing = 0;
		};
/* End PBXFrameworksBuildPhase section */

/* Begin PBXGroup section */
		73B031562D2D60750003DB69 = {
			isa = PBXGroup;
			children = (
				73B031612D2D60750003DB69 /* ChatGPT-iOS */,
				73B031722D2D60770003DB69 /* ChatGPT-iOSTests */,
				73B0317C2D2D60770003DB69 /* ChatGPT-iOSUITests */,
				73B031602D2D60750003DB69 /* Products */,
			);
			sourceTree = "<group>";
		};
		73B031602D2D60750003DB69 /* Products */ = {
			isa = PBXGroup;
			children = (
				73B0315F2D2D60750003DB69 /* ChatGPT-iOS.app */,
				73B0316F2D2D60770003DB69 /* ChatGPT-iOSTests.xctest */,
				73B031792D2D60770003DB69 /* ChatGPT-iOSUITests.xctest */,
			);
			name = Products;
			sourceTree = "<group>";
		};
/* End PBXGroup section */

/* Begin PBXNativeTarget section */
		73B0315E2D2D60750003DB69 /* ChatGPT-iOS */ = {
			isa = PBXNativeTarget;
			buildConfigurationList = 73B031832D2D60770003DB69 /* Build configuration list for PBXNativeTarget "ChatGPT-iOS" */;
			buildPhases = (
				73B0315B2D2D60750003DB69 /* Sources */,
				73B0315C2D2D60750003DB69 /* Frameworks */,
				73B0315D2D2D60750003DB69 /* Resources */,
			);
			buildRules = (
			);
			dependencies = (
			);
			fileSystemSynchronizedGroups = (
				73B031612D2D60750003DB69 /* ChatGPT-iOS */,
			);
			name = "ChatGPT-iOS";
			packageProductDependencies = (
			);
			productName = "ChatGPT-iOS";
			productReference = 73B0315F2D2D60750003DB69 /* ChatGPT-iOS.app */;
			productType = "com.apple.product-type.application";
		};
		73B0316E2D2D60770003DB69 /* ChatGPT-iOSTests */ = {
			isa = PBXNativeTarget;
			buildConfigurationList = 73B031862D2D60770003DB69 /* Build configuration list for PBXNativeTarget "ChatGPT-iOSTests" */;
			buildPhases = (
				73B0316B2D2D60770003DB69 /* Sources */,
				73B0316C2D2D60770003DB69 /* Frameworks */,
				73B0316D2D2D60770003DB69 /* Resources */,
			);
			buildRules = (
			);
			dependencies = (
				73B031712D2D60770003DB69 /* PBXTargetDependency */,
			);
			fileSystemSynchronizedGroups = (
				73B031722D2D60770003DB69 /* ChatGPT-iOSTests */,
			);
			name = "ChatGPT-iOSTests";
			packageProductDependencies = (
			);
			productName = "ChatGPT-iOSTests";
			productReference = 73B0316F2D2D60770003DB69 /* ChatGPT-iOSTests.xctest */;
			productType = "com.apple.product-type.bundle.unit-test";
		};
		73B031782D2D60770003DB69 /* ChatGPT-iOSUITests */ = {
			isa = PBXNativeTarget;
			buildConfigurationList = 73B031892D2D60770003DB69 /* Build configuration list for PBXNativeTarget "ChatGPT-iOSUITests" */;
			buildPhases = (
				73B031752D2D60770003DB69 /* Sources */,
				73B031762D2D60770003DB69 /* Frameworks */,
				73B031772D2D60770003DB69 /* Resources */,
			);
			buildRules = (
			);
			dependencies = (
				73B0317B2D2D60770003DB69 /* PBXTargetDependency */,
			);
			fileSystemSynchronizedGroups = (
				73B0317C2D2D60770003DB69 /* ChatGPT-iOSUITests */,
			);
			name = "ChatGPT-iOSUITests";
			packageProductDependencies = (
			);
			productName = "ChatGPT-iOSUITests";
			productReference = 73B031792D2D60770003DB69 /* ChatGPT-iOSUITests.xctest */;
			productType = "com.apple.product-type.bundle.ui-testing";
		};
/* End PBXNativeTarget section */

/* Begin PBXProject section */
		73B031572D2D60750003DB69 /* Project object */ = {
			isa = PBXProject;
			attributes = {
				BuildIndependentTargetsInParallel = 1;
				LastSwiftUpdateCheck = 1620;
				LastUpgradeCheck = 1620;
				TargetAttributes = {
					73B0315E2D2D60750003DB69 = {
						CreatedOnToolsVersion = 16.2;
					};
					73B0316E2D2D60770003DB69 = {
						CreatedOnToolsVersion = 16.2;
						TestTargetID = 73B0315E2D2D60750003DB69;
					};
					73B031782D2D60770003DB69 = {
						CreatedOnToolsVersion = 16.2;
						TestTargetID = 73B0315E2D2D60750003DB69;
					};
				};
			};
			buildConfigurationList = 73B0315A2D2D60750003DB69 /* Build configuration list for PBXProject "ChatGPT-iOS" */;
			developmentRegion = en;
			hasScannedForEncodings = 0;
			knownRegions = (
				en,
				Base,
			);
			mainGroup = 73B031562D2D60750003DB69;
			minimizedProjectReferenceProxies = 1;
			preferredProjectObjectVersion = 77;
			productRefGroup = 73B031602D2D60750003DB69 /* Products */;
			projectDirPath = "";
			projectRoot = "";
			targets = (
				73B0315E2D2D60750003DB69 /* ChatGPT-iOS */,
				73B0316E2D2D60770003DB69 /* ChatGPT-iOSTests */,
				73B031782D2D60770003DB69 /* ChatGPT-iOSUITests */,
			);
		};
/* End PBXProject section */

/* Begin PBXResourcesBuildPhase section */
		73B0315D2D2D60750003DB69 /* Resources */ = {
			isa = PBXResourcesBuildPhase;
			buildActionMask = 2147483647;
			files = (
			);
			runOnlyForDeploymentPostprocessing = 0;
		};
		73B0316D2D2D60770003DB69 /* Resources */ = {
			isa = PBXResourcesBuildPhase;
			buildActionMask = 2147483647;
			files = (
			);
			runOnlyForDeploymentPostprocessing = 0;
		};
		73B031772D2D60770003DB69 /* Resources */ = {
			isa = PBXResourcesBuildPhase;
			buildActionMask = 2147483647;
			files = (
			);
			runOnlyForDeploymentPostprocessing = 0;
		};
/* End PBXResourcesBuildPhase section */

/* Begin PBXSourcesBuildPhase section */
		73B0315B2D2D60750003DB69 /* Sources */ = {
			isa = PBXSourcesBuildPhase;
			buildActionMask = 2147483647;
			files = (
			);
			runOnlyForDeploymentPostprocessing = 0;
		};
		73B0316B2D2D60770003DB69 /* Sources */ = {
			isa = PBXSourcesBuildPhase;
			buildActionMask = 2147483647;
			files = (
			);
			runOnlyForDeploymentPostprocessing = 0;
		};
		73B031752D2D60770003DB69 /* Sources */ = {
			isa = PBXSourcesBuildPhase;
			buildActionMask = 2147483647;
			files = (
			);
			runOnlyForDeploymentPostprocessing = 0;
		};
/* End PBXSourcesBuildPhase section */

/* Begin PBXTargetDependency section */
		73B031712D2D60770003DB69 /* PBXTargetDependency */ = {
			isa = PBXTargetDependency;
			target = 73B0315E2D2D60750003DB69 /* ChatGPT-iOS */;
			targetProxy = 73B031702D2D60770003DB69 /* PBXContainerItemProxy */;
		};
		73B0317B2D2D60770003DB69 /* PBXTargetDependency */ = {
			isa = PBXTargetDependency;
			target = 73B0315E2D2D60750003DB69 /* ChatGPT-iOS */;
			targetProxy = 73B0317A2D2D60770003DB69 /* PBXContainerItemProxy */;
		};
/* End PBXTargetDependency section */

/* Begin XCBuildConfiguration section */
		73B031812D2D60770003DB69 /* Debug */ = {
			isa = XCBuildConfiguration;
			buildSettings = {
				ALWAYS_SEARCH_USER_PATHS = NO;
				ASSETCATALOG_COMPILER_GENERATE_SWIFT_ASSET_SYMBOL_EXTENSIONS = YES;
				CLANG_ANALYZER_NONNULL = YES;
				CLANG_ANALYZER_NUMBER_OBJECT_CONVERSION = YES_AGGRESSIVE;
				CLANG_CXX_LANGUAGE_STANDARD = "gnu++20";
				CLANG_ENABLE_MODULES = YES;
				CLANG_ENABLE_OBJC_ARC = YES;
				CLANG_ENABLE_OBJC_WEAK = YES;
				CLANG_WARN_BLOCK_CAPTURE_AUTORELEASING = YES;
				CLANG_WARN_BOOL_CONVERSION = YES;
				CLANG_WARN_COMMA = YES;
				CLANG_WARN_CONSTANT_CONVERSION = YES;
				CLANG_WARN_DEPRECATED_OBJC_IMPLEMENTATIONS = YES;
				CLANG_WARN_DIRECT_OBJC_ISA_USAGE = YES_ERROR;
				CLANG_WARN_DOCUMENTATION_COMMENTS = YES;
				CLANG_WARN_EMPTY_BODY = YES;
				CLANG_WARN_ENUM_CONVERSION = YES;
				CLANG_WARN_INFINITE_RECURSION = YES;
				CLANG_WARN_INT_CONVERSION = YES;
				CLANG_WARN_NON_LITERAL_NULL_CONVERSION = YES;
				CLANG_WARN_OBJC_IMPLICIT_RETAIN_SELF = YES;
				CLANG_WARN_OBJC_LITERAL_CONVERSION = YES;
				CLANG_WARN_OBJC_ROOT_CLASS = YES_ERROR;
				CLANG_WARN_QUOTED_INCLUDE_IN_FRAMEWORK_HEADER = YES;
				CLANG_WARN_RANGE_LOOP_ANALYSIS = YES;
				CLANG_WARN_STRICT_PROTOTYPES = YES;
				CLANG_WARN_SUSPICIOUS_MOVE = YES;
				CLANG_WARN_UNGUARDED_AVAILABILITY = YES_AGGRESSIVE;
				CLANG_WARN_UNREACHABLE_CODE = YES;
				CLANG_WARN__DUPLICATE_METHOD_MATCH = YES;
				COPY_PHASE_STRIP = NO;
				DEBUG_INFORMATION_FORMAT = dwarf;
				ENABLE_STRICT_OBJC_MSGSEND = YES;
				ENABLE_TESTABILITY = YES;
				ENABLE_USER_SCRIPT_SANDBOXING = YES;
				GCC_C_LANGUAGE_STANDARD = gnu17;
				GCC_DYNAMIC_NO_PIC = NO;
				GCC_NO_COMMON_BLOCKS = YES;
				GCC_OPTIMIZATION_LEVEL = 0;
				GCC_PREPROCESSOR_DEFINITIONS = (
					"DEBUG=1",
					"$(inherited)",
				);
				GCC_WARN_64_TO_32_BIT_CONVERSION = YES;
				GCC_WARN_ABOUT_RETURN_TYPE = YES_ERROR;
				GCC_WARN_UNDECLARED_SELECTOR = YES;
				GCC_WARN_UNINITIALIZED_AUTOS = YES_AGGRESSIVE;
				GCC_WARN_UNUSED_FUNCTION = YES;
				GCC_WARN_UNUSED_VARIABLE = YES;
				IPHONEOS_DEPLOYMENT_TARGET = 18.2;
				LOCALIZATION_PREFERS_STRING_CATALOGS = YES;
				MTL_ENABLE_DEBUG_INFO = INCLUDE_SOURCE;
				MTL_FAST_MATH = YES;
				ONLY_ACTIVE_ARCH = YES;
				SDKROOT = iphoneos;
				SWIFT_ACTIVE_COMPILATION_CONDITIONS = "DEBUG $(inherited)";
				SWIFT_OPTIMIZATION_LEVEL = "-Onone";
			};
			name = Debug;
		};
		73B031822D2D60770003DB69 /* Release */ = {
			isa = XCBuildConfiguration;
			buildSettings = {
				ALWAYS_SEARCH_USER_PATHS = NO;
				ASSETCATALOG_COMPILER_GENERATE_SWIFT_ASSET_SYMBOL_EXTENSIONS = YES;
				CLANG_ANALYZER_NONNULL = YES;
				CLANG_ANALYZER_NUMBER_OBJECT_CONVERSION = YES_AGGRESSIVE;
				CLANG_CXX_LANGUAGE_STANDARD = "gnu++20";
				CLANG_ENABLE_MODULES = YES;
				CLANG_ENABLE_OBJC_ARC = YES;
				CLANG_ENABLE_OBJC_WEAK = YES;
				CLANG_WARN_BLOCK_CAPTURE_AUTORELEASING = YES;
				CLANG_WARN_BOOL_CONVERSION = YES;
				CLANG_WARN_COMMA = YES;
				CLANG_WARN_CONSTANT_CONVERSION = YES;
				CLANG_WARN_DEPRECATED_OBJC_IMPLEMENTATIONS = YES;
				CLANG_WARN_DIRECT_OBJC_ISA_USAGE = YES_ERROR;
				CLANG_WARN_DOCUMENTATION_COMMENTS = YES;
				CLANG_WARN_EMPTY_BODY = YES;
				CLANG_WARN_ENUM_CONVERSION = YES;
				CLANG_WARN_INFINITE_RECURSION = YES;
				CLANG_WARN_INT_CONVERSION = YES;
				CLANG_WARN_NON_LITERAL_NULL_CONVERSION = YES;
				CLANG_WARN_OBJC_IMPLICIT_RETAIN_SELF = YES;
				CLANG_WARN_OBJC_LITERAL_CONVERSION = YES;
				CLANG_WARN_OBJC_ROOT_CLASS = YES_ERROR;
				CLANG_WARN_QUOTED_INCLUDE_IN_FRAMEWORK_HEADER = YES;
				CLANG_WARN_RANGE_LOOP_ANALYSIS = YES;
				CLANG_WARN_STRICT_PROTOTYPES = YES;
				CLANG_WARN_SUSPICIOUS_MOVE = YES;
				CLANG_WARN_UNGUARDED_AVAILABILITY = YES_AGGRESSIVE;
				CLANG_WARN_UNREACHABLE_CODE = YES;
				CLANG_WARN__DUPLICATE_METHOD_MATCH = YES;
				COPY_PHASE_STRIP = NO;
				DEBUG_INFORMATION_FORMAT = "dwarf-with-dsym";
				ENABLE_NS_ASSERTIONS = NO;
				ENABLE_STRICT_OBJC_MSGSEND = YES;
				ENABLE_USER_SCRIPT_SANDBOXING = YES;
				GCC_C_LANGUAGE_STANDARD = gnu17;
				GCC_NO_COMMON_BLOCKS = YES;
				GCC_WARN_64_TO_32_BIT_CONVERSION = YES;
				GCC_WARN_ABOUT_RETURN_TYPE = YES_ERROR;
				GCC_WARN_UNDECLARED_SELECTOR = YES;
				GCC_WARN_UNINITIALIZED_AUTOS = YES_AGGRESSIVE;
				GCC_WARN_UNUSED_FUNCTION = YES;
				GCC_WARN_UNUSED_VARIABLE = YES;
				IPHONEOS_DEPLOYMENT_TARGET = 18.2;
				LOCALIZATION_PREFERS_STRING_CATALOGS = YES;
				MTL_ENABLE_DEBUG_INFO = NO;
				MTL_FAST_MATH = YES;
				SDKROOT = iphoneos;
				SWIFT_COMPILATION_MODE = wholemodule;
				VALIDATE_PRODUCT = YES;
			};
			name = Release;
		};
		73B031842D2D60770003DB69 /* Debug */ = {
			isa = XCBuildConfiguration;
			buildSettings = {
				ASSETCATALOG_COMPILER_APPICON_NAME = AppIcon;
				ASSETCATALOG_COMPILER_GLOBAL_ACCENT_COLOR_NAME = AccentColor;
				CODE_SIGN_STYLE = Automatic;
				CURRENT_PROJECT_VERSION = 1;
				DEVELOPMENT_ASSET_PATHS = "\"ChatGPT-iOS/Preview Content\"";
				DEVELOPMENT_TEAM = 3MR4P6CL3X;
				ENABLE_PREVIEWS = YES;
				GENERATE_INFOPLIST_FILE = YES;
				INFOPLIST_KEY_UIApplicationSceneManifest_Generation = YES;
				INFOPLIST_KEY_UIApplicationSupportsIndirectInputEvents = YES;
				INFOPLIST_KEY_UILaunchScreen_Generation = YES;
				INFOPLIST_KEY_UISupportedInterfaceOrientations_iPad = "UIInterfaceOrientationPortrait UIInterfaceOrientationPortraitUpsideDown UIInterfaceOrientationLandscapeLeft UIInterfaceOrientationLandscapeRight";
				INFOPLIST_KEY_UISupportedInterfaceOrientations_iPhone = "UIInterfaceOrientationPortrait UIInterfaceOrientationLandscapeLeft UIInterfaceOrientationLandscapeRight";
				IPHONEOS_DEPLOYMENT_TARGET = 16.6;
				LD_RUNPATH_SEARCH_PATHS = (
					"$(inherited)",
					"@executable_path/Frameworks",
				);
				MARKETING_VERSION = 1.0;
				PRODUCT_BUNDLE_IDENTIFIER = "app.com.ChatGPT-iOS";
				PRODUCT_NAME = "$(TARGET_NAME)";
				SWIFT_EMIT_LOC_STRINGS = YES;
				SWIFT_VERSION = 5.0;
				TARGETED_DEVICE_FAMILY = "1,2";
			};
			name = Debug;
		};
		73B031852D2D60770003DB69 /* Release */ = {
			isa = XCBuildConfiguration;
			buildSettings = {
				ASSETCATALOG_COMPILER_APPICON_NAME = AppIcon;
				ASSETCATALOG_COMPILER_GLOBAL_ACCENT_COLOR_NAME = AccentColor;
				CODE_SIGN_STYLE = Automatic;
				CURRENT_PROJECT_VERSION = 1;
				DEVELOPMENT_ASSET_PATHS = "\"ChatGPT-iOS/Preview Content\"";
				DEVELOPMENT_TEAM = 3MR4P6CL3X;
				ENABLE_PREVIEWS = YES;
				GENERATE_INFOPLIST_FILE = YES;
				INFOPLIST_KEY_UIApplicationSceneManifest_Generation = YES;
				INFOPLIST_KEY_UIApplicationSupportsIndirectInputEvents = YES;
				INFOPLIST_KEY_UILaunchScreen_Generation = YES;
				INFOPLIST_KEY_UISupportedInterfaceOrientations_iPad = "UIInterfaceOrientationPortrait UIInterfaceOrientationPortraitUpsideDown UIInterfaceOrientationLandscapeLeft UIInterfaceOrientationLandscapeRight";
				INFOPLIST_KEY_UISupportedInterfaceOrientations_iPhone = "UIInterfaceOrientationPortrait UIInterfaceOrientationLandscapeLeft UIInterfaceOrientationLandscapeRight";
				IPHONEOS_DEPLOYMENT_TARGET = 16.6;
				LD_RUNPATH_SEARCH_PATHS = (
					"$(inherited)",
					"@executable_path/Frameworks",
				);
				MARKETING_VERSION = 1.0;
				PRODUCT_BUNDLE_IDENTIFIER = "app.com.ChatGPT-iOS";
				PRODUCT_NAME = "$(TARGET_NAME)";
				SWIFT_EMIT_LOC_STRINGS = YES;
				SWIFT_VERSION = 5.0;
				TARGETED_DEVICE_FAMILY = "1,2";
			};
			name = Release;
		};
		73B031872D2D60770003DB69 /* Debug */ = {
			isa = XCBuildConfiguration;
			buildSettings = {
				BUNDLE_LOADER = "$(TEST_HOST)";
				CODE_SIGN_STYLE = Automatic;
				CURRENT_PROJECT_VERSION = 1;
				DEVELOPMENT_TEAM = 3MR4P6CL3X;
				GENERATE_INFOPLIST_FILE = YES;
				IPHONEOS_DEPLOYMENT_TARGET = 18.2;
				MARKETING_VERSION = 1.0;
				PRODUCT_BUNDLE_IDENTIFIER = "app.com.ChatGPT-iOSTests";
				PRODUCT_NAME = "$(TARGET_NAME)";
				SWIFT_EMIT_LOC_STRINGS = NO;
				SWIFT_VERSION = 5.0;
				TARGETED_DEVICE_FAMILY = "1,2";
				TEST_HOST = "$(BUILT_PRODUCTS_DIR)/ChatGPT-iOS.app/$(BUNDLE_EXECUTABLE_FOLDER_PATH)/ChatGPT-iOS";
			};
			name = Debug;
		};
		73B031882D2D60770003DB69 /* Release */ = {
			isa = XCBuildConfiguration;
			buildSettings = {
				BUNDLE_LOADER = "$(TEST_HOST)";
				CODE_SIGN_STYLE = Automatic;
				CURRENT_PROJECT_VERSION = 1;
				DEVELOPMENT_TEAM = 3MR4P6CL3X;
				GENERATE_INFOPLIST_FILE = YES;
				IPHONEOS_DEPLOYMENT_TARGET = 18.2;
				MARKETING_VERSION = 1.0;
				PRODUCT_BUNDLE_IDENTIFIER = "app.com.ChatGPT-iOSTests";
				PRODUCT_NAME = "$(TARGET_NAME)";
				SWIFT_EMIT_LOC_STRINGS = NO;
				SWIFT_VERSION = 5.0;
				TARGETED_DEVICE_FAMILY = "1,2";
				TEST_HOST = "$(BUILT_PRODUCTS_DIR)/ChatGPT-iOS.app/$(BUNDLE_EXECUTABLE_FOLDER_PATH)/ChatGPT-iOS";
			};
			name = Release;
		};
		73B0318A2D2D60770003DB69 /* Debug */ = {
			isa = XCBuildConfiguration;
			buildSettings = {
				CODE_SIGN_STYLE = Automatic;
				CURRENT_PROJECT_VERSION = 1;
				DEVELOPMENT_TEAM = 3MR4P6CL3X;
				GENERATE_INFOPLIST_FILE = YES;
				MARKETING_VERSION = 1.0;
				PRODUCT_BUNDLE_IDENTIFIER = "app.com.ChatGPT-iOSUITests";
				PRODUCT_NAME = "$(TARGET_NAME)";
				SWIFT_EMIT_LOC_STRINGS = NO;
				SWIFT_VERSION = 5.0;
				TARGETED_DEVICE_FAMILY = "1,2";
				TEST_TARGET_NAME = "ChatGPT-iOS";
			};
			name = Debug;
		};
		73B0318B2D2D60770003DB69 /* Release */ = {
			isa = XCBuildConfiguration;
			buildSettings = {
				CODE_SIGN_STYLE = Automatic;
				CURRENT_PROJECT_VERSION = 1;
				DEVELOPMENT_TEAM = 3MR4P6CL3X;
				GENERATE_INFOPLIST_FILE = YES;
				MARKETING_VERSION = 1.0;
				PRODUCT_BUNDLE_IDENTIFIER = "app.com.ChatGPT-iOSUITests";
				PRODUCT_NAME = "$(TARGET_NAME)";
				SWIFT_EMIT_LOC_STRINGS = NO;
				SWIFT_VERSION = 5.0;
				TARGETED_DEVICE_FAMILY = "1,2";
				TEST_TARGET_NAME = "ChatGPT-iOS";
			};
			name = Release;
		};
/* End XCBuildConfiguration section */

/* Begin XCConfigurationList section */
		73B0315A2D2D60750003DB69 /* Build configuration list for PBXProject "ChatGPT-iOS" */ = {
			isa = XCConfigurationList;
			buildConfigurations = (
				73B031812D2D60770003DB69 /* Debug */,
				73B031822D2D60770003DB69 /* Release */,
			);
			defaultConfigurationIsVisible = 0;
			defaultConfigurationName = Release;
		};
		73B031832D2D60770003DB69 /* Build configuration list for PBXNativeTarget "ChatGPT-iOS" */ = {
			isa = XCConfigurationList;
			buildConfigurations = (
				73B031842D2D60770003DB69 /* Debug */,
				73B031852D2D60770003DB69 /* Release */,
			);
			defaultConfigurationIsVisible = 0;
			defaultConfigurationName = Release;
		};
		73B031862D2D60770003DB69 /* Build configuration list for PBXNativeTarget "ChatGPT-iOSTests" */ = {
			isa = XCConfigurationList;
			buildConfigurations = (
				73B031872D2D60770003DB69 /* Debug */,
				73B031882D2D60770003DB69 /* Release */,
			);
			defaultConfigurationIsVisible = 0;
			defaultConfigurationName = Release;
		};
		73B031892D2D60770003DB69 /* Build configuration list for PBXNativeTarget "ChatGPT-iOSUITests" */ = {
			isa = XCConfigurationList;
			buildConfigurations = (
				73B0318A2D2D60770003DB69 /* Debug */,
				73B0318B2D2D60770003DB69 /* Release */,
			);
			defaultConfigurationIsVisible = 0;
			defaultConfigurationName = Release;
		};
/* End XCConfigurationList section */
	};
	rootObject = 73B031572D2D60750003DB69 /* Project object */;
}
